PODS:
  - AFNetworking (3.1.0):
    - AFNetworking/NSURLSession (= 3.1.0)
    - AFNetworking/Reachability (= 3.1.0)
    - AFNetworking/Security (= 3.1.0)
    - AFNetworking/Serialization (= 3.1.0)
    - AFNetworking/UIKit (= 3.1.0)
  - AFNetworking/NSURLSession (3.1.0):
    - AFNetworking/Reachability
    - AFNetworking/Security
    - AFNetworking/Serialization
  - AFNetworking/Reachability (3.1.0)
  - AFNetworking/Security (3.1.0)
  - AFNetworking/Serialization (3.1.0)
  - AFNetworking/UIKit (3.1.0):
    - AFNetworking/NSURLSession
  - FMDB (2.6.2):
    - FMDB/standard (= 2.6.2)
  - FMDB/standard (2.6.2)
  - JSONModel (1.7.0)
  - Masonry (1.0.2)
  - MJRefresh (3.1.12)
  - SDWebImage (4.0.0):
    - SDWebImage/Core (= 4.0.0)
  - SDWebImage/Core (4.0.0)
  - UITableView+FDTemplateLayoutCell (1.4)
  - WebViewJavascriptBridge (6.0.2)
  - ZFPlayer (2.1.1):
    - Masonry

DEPENDENCIES:
  - AFNetworking
  - FMDB
  - JSONModel
  - Masonry
  - MJRefresh
  - SDWebImage
  - UITableView+FDTemplateLayoutCell
  - WebViewJavascriptBridge
  - ZFPlayer

SPEC CHECKSUMS:
  AFNetworking: 5e0e199f73d8626b11e79750991f5d173d1f8b67
  FMDB: 854a0341b4726e53276f2a8996f06f1b80f9259a
  JSONModel: 840bc0fcffb24b8454d2c026bf26fea454b8e98d
  Masonry: 7c429b56da9d4ee0bbb3ed77a5ea710d6a5df39e
  MJRefresh: b96cdb21c4aa75a7b07654311ab2f315c497e806
  SDWebImage: 76a6348bdc74eb5a55dd08a091ef298e56b55e41
  UITableView+FDTemplateLayoutCell: 234e1582bcc4e18461af91155123bb96538ed030
  WebViewJavascriptBridge: 791ee0e26d1bf15efe5fb7fb9666a71a19b89d77
  ZFPlayer: c36657da33c28c75dfb100e98e7976b5b3e1fc10

PODFILE CHECKSUM: 2419c34ba3aead37b8c9c9af6d5bba65a58ce315

COCOAPODS: 1.1.1
