PODS:
  - AFNetworking (3.1.0):
    - AFNetworking/NSURLSession (= 3.1.0)
    - AFNetworking/Reachability (= 3.1.0)
    - AFNetworking/Security (= 3.1.0)
    - AFNetworking/Serialization (= 3.1.0)
    - AFNetworking/UIKit (= 3.1.0)
  - AFNetworking/NSURLSession (3.1.0):
    - AFNetworking/Reachability
    - AFNetworking/Security
    - AFNetworking/Serialization
  - AFNetworking/Reachability (3.1.0)
  - AFNetworking/Security (3.1.0)
  - AFNetworking/Serialization (3.1.0)
  - AFNetworking/UIKit (3.1.0):
    - AFNetworking/NSURLSession
  - Bugly (2.4.8)
  - FMDB (2.7.2):
    - FMDB/standard (= 2.7.2)
  - FMDB/standard (2.7.2)
  - JPFPSStatus (0.1)
  - JSONModel (1.7.0)
  - Masonry (1.1.0)
  - MJRefresh (3.1.12)
  - SDWebImage (4.1.0):
    - SDWebImage/Core (= 4.1.0)
  - SDWebImage/Core (4.1.0)
  - UITableView+FDTemplateLayoutCell (1.6)
  - WebViewJavascriptBridge (6.0.2)
  - ZFPlayer (2.1.5):
    - Masonry

DEPENDENCIES:
  - AFNetworking
  - Bugly
  - FMDB
  - JPFPSStatus
  - JSONModel
  - Masonry
  - MJRefresh
  - SDWebImage
  - UITableView+FDTemplateLayoutCell
  - WebViewJavascriptBridge
  - ZFPlayer

SPEC CHECKSUMS:
  AFNetworking: 5e0e199f73d8626b11e79750991f5d173d1f8b67
  Bugly: da3c02408c14838d498429320545a8e439392978
  FMDB: 6198a90e7b6900cfc046e6bc0ef6ebb7be9236aa
  JPFPSStatus: 4467a17488382e4c1700bd9d18c92ae581fd6305
  JSONModel: 840bc0fcffb24b8454d2c026bf26fea454b8e98d
  Masonry: 678fab65091a9290e40e2832a55e7ab731aad201
  MJRefresh: b96cdb21c4aa75a7b07654311ab2f315c497e806
  SDWebImage: 0e435c14e402a6730315a0fb79f95e68654d55a4
  UITableView+FDTemplateLayoutCell: 5c949b4a5059c404b442926c0e80f81d10a2d66f
  WebViewJavascriptBridge: 791ee0e26d1bf15efe5fb7fb9666a71a19b89d77
  ZFPlayer: 8a80bf8eb4638b97fbceaefcd3ca9978e9f17c9d

PODFILE CHECKSUM: eba01216b2943e21458081b19be92a1be453f708

COCOAPODS: 1.1.1
